{
  "name": "mf-portfolio",
  "version": "1.0.0",
  "lockfileVersion": 3,
  "requires": true,
  "packages": {
    "": {
      "name": "mf-portfolio",
      "version": "1.0.0",
      "license": "MIT",
      "dependencies": {
        "hybrid-crypto-js": "^0.2.4"
      }
    },
    "node_modules/hybrid-crypto-js": {
      "version": "0.2.4",
      "resolved": "https://registry.npmjs.org/hybrid-crypto-js/-/hybrid-crypto-js-0.2.4.tgz",
      "integrity": "sha512-lm4iQn14rApw/7yLOnd9eZu8JaxD8+BB34bQaZY7faKiT78tVjxSwOabOPO2LSIS0QMANhjMXNLNUXyuAJwYXw==",
      "license": "MIT",
      "dependencies": {
        "node-forge": "^0.8.5"
      }
    },
    "node_modules/node-forge": {
      "version": "0.8.5",
      "resolved": "https://registry.npmjs.org/node-forge/-/node-forge-0.8.5.tgz",
      "integrity": "sha512-vFMQIWt+J/7FLNyKouZ9TazT74PRV3wgv9UT4cRjC8BffxFbKXkgIWR42URCPSnHm/QDz6BOlb2Q0U4+VQT67Q==",
      "license": "(BSD-3-Clause OR GPL-2.0)",
      "engines": {
        "node": ">= 4.5.0"
      }
    }
  }
}
